
Microsoft Visual Studio Solution File, Format Version 12.00
# Visual Studio 15
VisualStudioVersion = 15.0.28307.136
MinimumVisualStudioVersion = 10.0.40219.1
Project("{FAE04EC0-301F-11D3-BF4B-00C04F79EFBC}") = "FasterflectBenchmark", "FasterflectBenchmark\FasterflectBenchmark.csproj", "{6AA6E3DF-285F-499A-B392-0B2510D0D497}"
EndProject
Project("{FAE04EC0-301F-11D3-BF4B-00C04F79EFBC}") = "FasterflectTest", "FasterflectTest\FasterflectTest.csproj", "{5D173B59-4C94-433C-8068-464EBABDE593}"
EndProject
Project("{FAE04EC0-301F-11D3-BF4B-00C04F79EFBC}") = "FasterflectSample", "FasterflectSample\FasterflectSample.csproj", "{4A6052E6-7583-40BA-9AF5-13EEAF419BF0}"
EndProject
Project("{2150E333-8FDC-42A3-9474-1A3956D46DE8}") = "Solution Items", "Solution Items", "{65C619B0-3B3E-4482-848C-1BC17CA71711}"
	ProjectSection(SolutionItems) = preProject
		README.md = README.md
		..\README.md = ..\README.md
	EndProjectSection
EndProject
Project("{FAE04EC0-301F-11D3-BF4B-00C04F79EFBC}") = "FasterflectPlayground", "FasterflectPlayground\FasterflectPlayground.csproj", "{715C1C1D-1B45-44FF-9C6E-356051C31A38}"
EndProject
Project("{9A19103F-16F7-4668-BE54-9A1E7A4F7556}") = "Fasterflect", "Fasterflect\Fasterflect.csproj", "{612E62D9-3884-423C-86B5-94004B5C43F5}"
EndProject
Project("{FAE04EC0-301F-11D3-BF4B-00C04F79EFBC}") = "FasterflectExample", "FasterflectExample\FasterflectExample.csproj", "{D22A974D-02E2-4705-9094-89931640B31F}"
EndProject
Global
	GlobalSection(SolutionConfigurationPlatforms) = preSolution
		Debug|Any CPU = Debug|Any CPU
		Debug|Mixed Platforms = Debug|Mixed Platforms
		Debug|x86 = Debug|x86
		net45|Any CPU = net45|Any CPU
		net45|Mixed Platforms = net45|Mixed Platforms
		net45|x86 = net45|x86
		netstandard2.0|Any CPU = netstandard2.0|Any CPU
		netstandard2.0|Mixed Platforms = netstandard2.0|Mixed Platforms
		netstandard2.0|x86 = netstandard2.0|x86
		Release|Any CPU = Release|Any CPU
		Release|Mixed Platforms = Release|Mixed Platforms
		Release|x86 = Release|x86
	EndGlobalSection
	GlobalSection(ProjectConfigurationPlatforms) = postSolution
		{6AA6E3DF-285F-499A-B392-0B2510D0D497}.Debug|Any CPU.ActiveCfg = Debug|Any CPU
		{6AA6E3DF-285F-499A-B392-0B2510D0D497}.Debug|Mixed Platforms.ActiveCfg = Debug|Any CPU
		{6AA6E3DF-285F-499A-B392-0B2510D0D497}.Debug|Mixed Platforms.Build.0 = Debug|Any CPU
		{6AA6E3DF-285F-499A-B392-0B2510D0D497}.Debug|x86.ActiveCfg = Debug|Any CPU
		{6AA6E3DF-285F-499A-B392-0B2510D0D497}.net45|Any CPU.ActiveCfg = Release|Any CPU
		{6AA6E3DF-285F-499A-B392-0B2510D0D497}.net45|Mixed Platforms.ActiveCfg = Release|Any CPU
		{6AA6E3DF-285F-499A-B392-0B2510D0D497}.net45|Mixed Platforms.Build.0 = Release|Any CPU
		{6AA6E3DF-285F-499A-B392-0B2510D0D497}.net45|x86.ActiveCfg = Release|Any CPU
		{6AA6E3DF-285F-499A-B392-0B2510D0D497}.net45|x86.Build.0 = Release|Any CPU
		{6AA6E3DF-285F-499A-B392-0B2510D0D497}.netstandard2.0|Any CPU.ActiveCfg = Release|Any CPU
		{6AA6E3DF-285F-499A-B392-0B2510D0D497}.netstandard2.0|Mixed Platforms.ActiveCfg = Release|Any CPU
		{6AA6E3DF-285F-499A-B392-0B2510D0D497}.netstandard2.0|Mixed Platforms.Build.0 = Release|Any CPU
		{6AA6E3DF-285F-499A-B392-0B2510D0D497}.netstandard2.0|x86.ActiveCfg = Release|Any CPU
		{6AA6E3DF-285F-499A-B392-0B2510D0D497}.netstandard2.0|x86.Build.0 = Release|Any CPU
		{6AA6E3DF-285F-499A-B392-0B2510D0D497}.Release|Any CPU.ActiveCfg = Release|Any CPU
		{6AA6E3DF-285F-499A-B392-0B2510D0D497}.Release|Mixed Platforms.ActiveCfg = Release|Any CPU
		{6AA6E3DF-285F-499A-B392-0B2510D0D497}.Release|x86.ActiveCfg = Release|Any CPU
		{5D173B59-4C94-433C-8068-464EBABDE593}.Debug|Any CPU.ActiveCfg = Debug|Any CPU
		{5D173B59-4C94-433C-8068-464EBABDE593}.Debug|Mixed Platforms.ActiveCfg = Debug|Any CPU
		{5D173B59-4C94-433C-8068-464EBABDE593}.Debug|Mixed Platforms.Build.0 = Debug|Any CPU
		{5D173B59-4C94-433C-8068-464EBABDE593}.Debug|x86.ActiveCfg = Debug|Any CPU
		{5D173B59-4C94-433C-8068-464EBABDE593}.net45|Any CPU.ActiveCfg = Release|Any CPU
		{5D173B59-4C94-433C-8068-464EBABDE593}.net45|Mixed Platforms.ActiveCfg = Release|Any CPU
		{5D173B59-4C94-433C-8068-464EBABDE593}.net45|Mixed Platforms.Build.0 = Release|Any CPU
		{5D173B59-4C94-433C-8068-464EBABDE593}.net45|x86.ActiveCfg = Release|Any CPU
		{5D173B59-4C94-433C-8068-464EBABDE593}.net45|x86.Build.0 = Release|Any CPU
		{5D173B59-4C94-433C-8068-464EBABDE593}.netstandard2.0|Any CPU.ActiveCfg = Release|Any CPU
		{5D173B59-4C94-433C-8068-464EBABDE593}.netstandard2.0|Mixed Platforms.ActiveCfg = Release|Any CPU
		{5D173B59-4C94-433C-8068-464EBABDE593}.netstandard2.0|Mixed Platforms.Build.0 = Release|Any CPU
		{5D173B59-4C94-433C-8068-464EBABDE593}.netstandard2.0|x86.ActiveCfg = Release|Any CPU
		{5D173B59-4C94-433C-8068-464EBABDE593}.netstandard2.0|x86.Build.0 = Release|Any CPU
		{5D173B59-4C94-433C-8068-464EBABDE593}.Release|Any CPU.ActiveCfg = Release|Any CPU
		{5D173B59-4C94-433C-8068-464EBABDE593}.Release|Mixed Platforms.ActiveCfg = Release|Any CPU
		{5D173B59-4C94-433C-8068-464EBABDE593}.Release|x86.ActiveCfg = Release|Any CPU
		{4A6052E6-7583-40BA-9AF5-13EEAF419BF0}.Debug|Any CPU.ActiveCfg = Debug|Any CPU
		{4A6052E6-7583-40BA-9AF5-13EEAF419BF0}.Debug|Mixed Platforms.ActiveCfg = Debug|Any CPU
		{4A6052E6-7583-40BA-9AF5-13EEAF419BF0}.Debug|Mixed Platforms.Build.0 = Debug|Any CPU
		{4A6052E6-7583-40BA-9AF5-13EEAF419BF0}.Debug|x86.ActiveCfg = Debug|Any CPU
		{4A6052E6-7583-40BA-9AF5-13EEAF419BF0}.net45|Any CPU.ActiveCfg = Release|Any CPU
		{4A6052E6-7583-40BA-9AF5-13EEAF419BF0}.net45|Mixed Platforms.ActiveCfg = Release|Any CPU
		{4A6052E6-7583-40BA-9AF5-13EEAF419BF0}.net45|Mixed Platforms.Build.0 = Release|Any CPU
		{4A6052E6-7583-40BA-9AF5-13EEAF419BF0}.net45|x86.ActiveCfg = Release|Any CPU
		{4A6052E6-7583-40BA-9AF5-13EEAF419BF0}.net45|x86.Build.0 = Release|Any CPU
		{4A6052E6-7583-40BA-9AF5-13EEAF419BF0}.netstandard2.0|Any CPU.ActiveCfg = Release|Any CPU
		{4A6052E6-7583-40BA-9AF5-13EEAF419BF0}.netstandard2.0|Mixed Platforms.ActiveCfg = Release|Any CPU
		{4A6052E6-7583-40BA-9AF5-13EEAF419BF0}.netstandard2.0|Mixed Platforms.Build.0 = Release|Any CPU
		{4A6052E6-7583-40BA-9AF5-13EEAF419BF0}.netstandard2.0|x86.ActiveCfg = Release|Any CPU
		{4A6052E6-7583-40BA-9AF5-13EEAF419BF0}.netstandard2.0|x86.Build.0 = Release|Any CPU
		{4A6052E6-7583-40BA-9AF5-13EEAF419BF0}.Release|Any CPU.ActiveCfg = Release|Any CPU
		{4A6052E6-7583-40BA-9AF5-13EEAF419BF0}.Release|Mixed Platforms.ActiveCfg = Release|Any CPU
		{4A6052E6-7583-40BA-9AF5-13EEAF419BF0}.Release|x86.ActiveCfg = Release|Any CPU
		{715C1C1D-1B45-44FF-9C6E-356051C31A38}.Debug|Any CPU.ActiveCfg = Debug|Any CPU
		{715C1C1D-1B45-44FF-9C6E-356051C31A38}.Debug|Mixed Platforms.ActiveCfg = Debug|Any CPU
		{715C1C1D-1B45-44FF-9C6E-356051C31A38}.Debug|Mixed Platforms.Build.0 = Debug|Any CPU
		{715C1C1D-1B45-44FF-9C6E-356051C31A38}.Debug|x86.ActiveCfg = Debug|Any CPU
		{715C1C1D-1B45-44FF-9C6E-356051C31A38}.net45|Any CPU.ActiveCfg = Release|Any CPU
		{715C1C1D-1B45-44FF-9C6E-356051C31A38}.net45|Mixed Platforms.ActiveCfg = Release|Any CPU
		{715C1C1D-1B45-44FF-9C6E-356051C31A38}.net45|Mixed Platforms.Build.0 = Release|Any CPU
		{715C1C1D-1B45-44FF-9C6E-356051C31A38}.net45|x86.ActiveCfg = Release|Any CPU
		{715C1C1D-1B45-44FF-9C6E-356051C31A38}.net45|x86.Build.0 = Release|Any CPU
		{715C1C1D-1B45-44FF-9C6E-356051C31A38}.netstandard2.0|Any CPU.ActiveCfg = Release|Any CPU
		{715C1C1D-1B45-44FF-9C6E-356051C31A38}.netstandard2.0|Mixed Platforms.ActiveCfg = Release|Any CPU
		{715C1C1D-1B45-44FF-9C6E-356051C31A38}.netstandard2.0|Mixed Platforms.Build.0 = Release|Any CPU
		{715C1C1D-1B45-44FF-9C6E-356051C31A38}.netstandard2.0|x86.ActiveCfg = Release|Any CPU
		{715C1C1D-1B45-44FF-9C6E-356051C31A38}.netstandard2.0|x86.Build.0 = Release|Any CPU
		{715C1C1D-1B45-44FF-9C6E-356051C31A38}.Release|Any CPU.ActiveCfg = Release|Any CPU
		{715C1C1D-1B45-44FF-9C6E-356051C31A38}.Release|Mixed Platforms.ActiveCfg = Release|Any CPU
		{715C1C1D-1B45-44FF-9C6E-356051C31A38}.Release|x86.ActiveCfg = Release|Any CPU
		{612E62D9-3884-423C-86B5-94004B5C43F5}.Debug|Any CPU.ActiveCfg = Debug|Any CPU
		{612E62D9-3884-423C-86B5-94004B5C43F5}.Debug|Any CPU.Build.0 = Debug|Any CPU
		{612E62D9-3884-423C-86B5-94004B5C43F5}.Debug|Mixed Platforms.ActiveCfg = Debug|Any CPU
		{612E62D9-3884-423C-86B5-94004B5C43F5}.Debug|Mixed Platforms.Build.0 = Debug|Any CPU
		{612E62D9-3884-423C-86B5-94004B5C43F5}.Debug|x86.ActiveCfg = Debug|Any CPU
		{612E62D9-3884-423C-86B5-94004B5C43F5}.Debug|x86.Build.0 = Debug|Any CPU
		{612E62D9-3884-423C-86B5-94004B5C43F5}.net45|Any CPU.ActiveCfg = Release|Any CPU
		{612E62D9-3884-423C-86B5-94004B5C43F5}.net45|Any CPU.Build.0 = Release|Any CPU
		{612E62D9-3884-423C-86B5-94004B5C43F5}.net45|Mixed Platforms.ActiveCfg = Release|Any CPU
		{612E62D9-3884-423C-86B5-94004B5C43F5}.net45|Mixed Platforms.Build.0 = Release|Any CPU
		{612E62D9-3884-423C-86B5-94004B5C43F5}.net45|x86.ActiveCfg = Release|Any CPU
		{612E62D9-3884-423C-86B5-94004B5C43F5}.net45|x86.Build.0 = Release|Any CPU
		{612E62D9-3884-423C-86B5-94004B5C43F5}.netstandard2.0|Any CPU.ActiveCfg = Release|Any CPU
		{612E62D9-3884-423C-86B5-94004B5C43F5}.netstandard2.0|Any CPU.Build.0 = Release|Any CPU
		{612E62D9-3884-423C-86B5-94004B5C43F5}.netstandard2.0|Mixed Platforms.ActiveCfg = Release|Any CPU
		{612E62D9-3884-423C-86B5-94004B5C43F5}.netstandard2.0|Mixed Platforms.Build.0 = Release|Any CPU
		{612E62D9-3884-423C-86B5-94004B5C43F5}.netstandard2.0|x86.ActiveCfg = Release|Any CPU
		{612E62D9-3884-423C-86B5-94004B5C43F5}.netstandard2.0|x86.Build.0 = Release|Any CPU
		{612E62D9-3884-423C-86B5-94004B5C43F5}.Release|Any CPU.ActiveCfg = Release|Any CPU
		{612E62D9-3884-423C-86B5-94004B5C43F5}.Release|Any CPU.Build.0 = Release|Any CPU
		{612E62D9-3884-423C-86B5-94004B5C43F5}.Release|Mixed Platforms.ActiveCfg = Release|Any CPU
		{612E62D9-3884-423C-86B5-94004B5C43F5}.Release|Mixed Platforms.Build.0 = Release|Any CPU
		{612E62D9-3884-423C-86B5-94004B5C43F5}.Release|x86.ActiveCfg = Release|Any CPU
		{612E62D9-3884-423C-86B5-94004B5C43F5}.Release|x86.Build.0 = Release|Any CPU
		{D22A974D-02E2-4705-9094-89931640B31F}.Debug|Any CPU.ActiveCfg = Debug|Any CPU
		{D22A974D-02E2-4705-9094-89931640B31F}.Debug|Any CPU.Build.0 = Debug|Any CPU
		{D22A974D-02E2-4705-9094-89931640B31F}.Debug|Mixed Platforms.ActiveCfg = Debug|Any CPU
		{D22A974D-02E2-4705-9094-89931640B31F}.Debug|Mixed Platforms.Build.0 = Debug|Any CPU
		{D22A974D-02E2-4705-9094-89931640B31F}.Debug|x86.ActiveCfg = Debug|Any CPU
		{D22A974D-02E2-4705-9094-89931640B31F}.Debug|x86.Build.0 = Debug|Any CPU
		{D22A974D-02E2-4705-9094-89931640B31F}.net45|Any CPU.ActiveCfg = Release|Any CPU
		{D22A974D-02E2-4705-9094-89931640B31F}.net45|Any CPU.Build.0 = Release|Any CPU
		{D22A974D-02E2-4705-9094-89931640B31F}.net45|Mixed Platforms.ActiveCfg = Release|Any CPU
		{D22A974D-02E2-4705-9094-89931640B31F}.net45|Mixed Platforms.Build.0 = Release|Any CPU
		{D22A974D-02E2-4705-9094-89931640B31F}.net45|x86.ActiveCfg = Release|Any CPU
		{D22A974D-02E2-4705-9094-89931640B31F}.net45|x86.Build.0 = Release|Any CPU
		{D22A974D-02E2-4705-9094-89931640B31F}.netstandard2.0|Any CPU.ActiveCfg = Release|Any CPU
		{D22A974D-02E2-4705-9094-89931640B31F}.netstandard2.0|Any CPU.Build.0 = Release|Any CPU
		{D22A974D-02E2-4705-9094-89931640B31F}.netstandard2.0|Mixed Platforms.ActiveCfg = Release|Any CPU
		{D22A974D-02E2-4705-9094-89931640B31F}.netstandard2.0|Mixed Platforms.Build.0 = Release|Any CPU
		{D22A974D-02E2-4705-9094-89931640B31F}.netstandard2.0|x86.ActiveCfg = Release|Any CPU
		{D22A974D-02E2-4705-9094-89931640B31F}.netstandard2.0|x86.Build.0 = Release|Any CPU
		{D22A974D-02E2-4705-9094-89931640B31F}.Release|Any CPU.ActiveCfg = Release|Any CPU
		{D22A974D-02E2-4705-9094-89931640B31F}.Release|Any CPU.Build.0 = Release|Any CPU
		{D22A974D-02E2-4705-9094-89931640B31F}.Release|Mixed Platforms.ActiveCfg = Release|Any CPU
		{D22A974D-02E2-4705-9094-89931640B31F}.Release|Mixed Platforms.Build.0 = Release|Any CPU
		{D22A974D-02E2-4705-9094-89931640B31F}.Release|x86.ActiveCfg = Release|Any CPU
		{D22A974D-02E2-4705-9094-89931640B31F}.Release|x86.Build.0 = Release|Any CPU
	EndGlobalSection
	GlobalSection(SolutionProperties) = preSolution
		HideSolutionNode = FALSE
	EndGlobalSection
	GlobalSection(ExtensibilityGlobals) = postSolution
		SolutionGuid = {3A736D27-DFA7-4E64-BBB2-EA626E732591}
	EndGlobalSection
	GlobalSection(TestCaseManagementSettings) = postSolution
		CategoryFile = Fasterflect.vsmdi
	EndGlobalSection
EndGlobal
